
Microsoft Visual Studio Solution File, Format Version 12.00
# Visual Studio 15
VisualStudioVersion = 15.0.27906.1
MinimumVisualStudioVersion = 10.0.40219.1
Project("{FAE04EC0-301F-11D3-BF4B-00C04F79EFBC}") = "ScreepsSharp", "ScreepsSharp\ScreepsSharp.csproj", "{64D85067-97E0-4F2B-B8C8-A8F9D4439A67}"
EndProject
Global
	GlobalSection(SolutionConfigurationPlatforms) = preSolution
		Debug|Any CPU = Debug|Any CPU
		Release|Any CPU = Release|Any CPU
	EndGlobalSection
	GlobalSection(ProjectConfigurationPlatforms) = postSolution
		{64D85067-97E0-4F2B-B8C8-A8F9D4439A67}.Debug|Any CPU.ActiveCfg = Debug|Any CPU
		{64D85067-97E0-4F2B-B8C8-A8F9D4439A67}.Debug|Any CPU.Build.0 = Debug|Any CPU
		{64D85067-97E0-4F2B-B8C8-A8F9D4439A67}.Release|Any CPU.ActiveCfg = Release|Any CPU
		{64D85067-97E0-4F2B-B8C8-A8F9D4439A67}.Release|Any CPU.Build.0 = Release|Any CPU
	EndGlobalSection
	GlobalSection(SolutionProperties) = preSolution
		HideSolutionNode = FALSE
	EndGlobalSection
	GlobalSection(ExtensibilityGlobals) = postSolution
		SolutionGuid = {AAB82836-4579-4E45-BD95-AF286C5A3AE3}
	EndGlobalSection
EndGlobal
